lockfileVersion: '9.0'

settings:
  autoInstallPeers: true
  dedupePeers: true
  excludeLinksFromLockfile: false

overrides:
  '@eslint/markdown': '-'
  '@stylistic/eslint-plugin': '-'
  eslint-plugin-jsonc: '-'
  eslint-plugin-toml: '-'
  eslint-plugin-vue: '-'
  eslint-plugin-yml: '-'
  eslint-processor-vue-blocks: '-'
  indent-string: npm:@socketregistry/indent-string@^1
  is-core-module: npm:@socketregistry/is-core-module@^1
  jsonc-eslint-parser: '-'
  object-assign: npm:@socketregistry/object-assign@^1
  path-parse: npm:@socketregistry/path-parse@^1
  toml-eslint-parser: '-'
  yaml-eslint-parser: '-'

importers:

  .:
    devDependencies:
      '@tsconfig/node24':
        specifier: 24.0.4
        version: 24.0.4
      '@tsconfig/strictest':
        specifier: 2.0.8
        version: 2.0.8
      '@types/node':
        specifier: 25.6.2
        version: 25.6.2
      mitata:
        specifier: 1.0.34
        version: 1.0.34
      nano-staged:
        specifier: 1.0.2
        version: 1.0.2
      oxfmt:
        specifier: 0.48.0
        version: 0.48.0
      oxlint:
        specifier: 1.63.0
        version: 1.63.0(oxlint-tsgolint@0.22.1)
      oxlint-tsgolint:
        specifier: 0.22.1
        version: 0.22.1
      simple-git-hooks:
        specifier: 2.13.1
        version: 2.13.1

  benches/casing:
    dependencies:
      es-toolkit:
        specifier: 1.46.1
        version: 1.46.1
      kasi:
        specifier: 2.0.1
        version: 2.0.1
      lodash.kebabcase:
        specifier: 4.1.1
        version: 4.1.1
      lodash.snakecase:
        specifier: 4.1.1
        version: 4.1.1
    devDependencies:
      '@types/lodash.kebabcase':
        specifier: 4.1.9
        version: 4.1.9
      '@types/lodash.snakecase':
        specifier: 4.1.9
        version: 4.1.9

  benches/cli-parsing:
    dependencies:
      gunshi:
        specifier: 0.29.5
        version: 0.29.5
      minimist:
        specifier: 1.2.8
        version: 1.2.8
      mri:
        specifier: 1.2.0
        version: 1.2.0
      ultraflag:
        specifier: 0.2.3
        version: 0.2.3
      yargs-parser:
        specifier: 22.0.0
        version: 22.0.0
    devDependencies:
      '@types/minimist':
        specifier: 1.2.5
        version: 1.2.5
      '@types/yargs-parser':
        specifier: 21.0.3
        version: 21.0.3

  benches/dedent:
    dependencies:
      '@qnighy/dedent':
        specifier: 0.1.1
        version: 0.1.1
      dedent:
        specifier: 1.7.2
        version: 1.7.2
      ts-dedent:
        specifier: 2.2.0
        version: 2.2.0

  benches/lodash-merge:
    dependencies:
      defu:
        specifier: 6.1.7
        version: 6.1.7
      es-toolkit:
        specifier: 1.46.1
        version: 1.46.1
      lodash.merge:
        specifier: 4.6.2
        version: 4.6.2
    devDependencies:
      '@types/lodash.merge':
        specifier: 4.6.9
        version: 4.6.9

  benches/match:
    dependencies:
      micromatch:
        specifier: 4.0.8
        version: 4.0.8
      minimatch:
        specifier: 10.2.5
        version: 10.2.5
      picomatch:
        specifier: 4.0.4
        version: 4.0.4
      zeptomatch:
        specifier: 2.1.0
        version: 2.1.0
    devDependencies:
      '@types/micromatch':
        specifier: 4.0.10
        version: 4.0.10
      '@types/picomatch':
        specifier: 4.0.3
        version: 4.0.3

  benches/remsg: {}

packages:

  '@oxfmt/binding-android-arm-eabi@0.48.0':
    resolution: {integrity: sha512-uwqk+/KhQvBIpULD8SMM/zAafMRC/+DV/xsEQjkkIsJ/kLmEI/2bxonVowcYTiXqqZ/a0FEW8DPkZY3VvwELDA==}
    engines: {node: ^20.19.0 || >=22.12.0}
    cpu: [arm]
    os: [android]

  '@oxfmt/binding-android-arm64@0.48.0':
    resolution: {integrity: sha512-VUCiKuXK5+McVssgHEJdrcGK7hRJzrRb36zm9/jwzMholyYt4BgXhw5Nm1V1DX6Ce717Zi/1jk432b/tgmQgtQ==}
    engines: {node: ^20.19.0 || >=22.12.0}
    cpu: [arm64]
    os: [android]

  '@oxfmt/binding-darwin-arm64@0.48.0':
    resolution: {integrity: sha512-IkKp8rnIyQLW6Jt+6jragCbUVYSayk55lapiprLjIVvt4NczLyO/nwX2GgefLQ5iaBdfS8UEAFgCs/pLO6Cl0w==}
    engines: {node: ^20.19.0 || >=22.12.0}
    cpu: [arm64]
    os: [darwin]

  '@oxfmt/binding-darwin-x64@0.48.0':
    resolution: {integrity: sha512-+aFuhsGIuvnoOjXyKVHMhPKJZR1kQkAl8QyrKoMlA7yJsSTC3N0Asl53La8TChSHhW8epToQ/Q0nvLmEmfNmLg==}
    engines: {node: ^20.19.0 || >=22.12.0}
    cpu: [x64]
    os: [darwin]

  '@oxfmt/binding-freebsd-x64@0.48.0':
    resolution: {integrity: sha512-fbqzQL8FjI9gGnktI7RIo0dksDziTAYBy7xlI7jU7eID5fxLF/25fS4Xj6GydD8Y5oWHL83U4NK160QaOAxtyg==}
    engines: {node: ^20.19.0 || >=22.12.0}
    cpu: [x64]
    os: [freebsd]

  '@oxfmt/binding-linux-arm-gnueabihf@0.48.0':
    resolution: {integrity: sha512-hn4i0zhAyTiB3ZHjQfYUZkDvrbVkohw1S7pySWxWUoZ87HnkDoTFThj7QTxk40hNPOTUP0vHbPRNamFIv1HBJQ==}
    engines: {node: ^20.19.0 || >=22.12.0}
    cpu: [arm]
    os: [linux]

  '@oxfmt/binding-linux-arm-musleabihf@0.48.0':
    resolution: {integrity: sha512-R4WBD9qF3QM9hqgdAa+fBGXmquTvDUujrPQ36t2Sjk8RPOSKGHDeN7l/khr10hqbQaOq9KCgPHG9ubNET/X/RQ==}
    engines: {node: ^20.19.0 || >=22.12.0}
    cpu: [arm]
    os: [linux]

  '@oxfmt/binding-linux-arm64-gnu@0.48.0':
    resolution: {integrity: sha512-5bVdwSwlm1M8wbYCorLOxWxUBw/8tBvHYyQNIfwWVPwOJaj5vg1APSGJQVpwJfV5VNE9PSrR91UKEpoNwHhqUA==}
    engines: {node: ^20.19.0 || >=22.12.0}
    cpu: [arm64]
    os: [linux]
    libc: [glibc]

  '@oxfmt/binding-linux-arm64-musl@0.48.0':
    resolution: {integrity: sha512-vCS3Fk7gFslTqE1lUE2IlroyVV7u/9SmMA/uBqDoshuck2psGWcjW0ePyPZI3rM3+qtf2pDaMVIKMHozraifuw==}
    engines: {node: ^20.19.0 || >=22.12.0}
    cpu: [arm64]
    os: [linux]
    libc: [musl]

  '@oxfmt/binding-linux-ppc64-gnu@0.48.0':
    resolution: {integrity: sha512-gKtfFfueUClXDumyoHUbymqRf7prHejOOyzJK0eIJn93GF9JBdFHdo60TM1ZBHxkEwZvjuOgHmKtneKbEOc/Eg==}
    engines: {node: ^20.19.0 || >=22.12.0}
    cpu: [ppc64]
    os: [linux]
    libc: [glibc]

  '@oxfmt/binding-linux-riscv64-gnu@0.48.0':
    resolution: {integrity: sha512-SYt0UhOvZD/UwZz9sXq6J2uAw8o24f5VZpLB2DH01f6MevshmlgakQlZe2lwek2sZJkd07eLu7mZa0g7yeiw7Q==}
    engines: {node: ^20.19.0 || >=22.12.0}
    cpu: [riscv64]
    os: [linux]
    libc: [glibc]

  '@oxfmt/binding-linux-riscv64-musl@0.48.0':
    resolution: {integrity: sha512-JLbrwck2AopG4ud/XklZO5N+qxGC7cS7ROvXZVNfx0MCLDDL2kGOLvzuWORkVjnjAM0CMAfIMU2zNBtQbM+4dw==}
    engines: {node: ^20.19.0 || >=22.12.0}
    cpu: [riscv64]
    os: [linux]
    libc: [musl]

  '@oxfmt/binding-linux-s390x-gnu@0.48.0':
    resolution: {integrity: sha512-mdxt5L8OQLxkQH+JVpdC/lknZNe0lX4hlO3d8+xvw2wToo+iDrid9tiGOd5bmHfUVd5wVhrUry0qlu5vq66NkQ==}
    engines: {node: ^20.19.0 || >=22.12.0}
    cpu: [s390x]
    os: [linux]
    libc: [glibc]

  '@oxfmt/binding-linux-x64-gnu@0.48.0':
    resolution: {integrity: sha512-oEz1BQwMrV7OMEFx/3VPDU3n9TM0AnxpktDYXjEg5i6nTX87wo18wSfBvkl4tzAICdKtoAQAdBIl7Y7hsPlx5w==}
    engines: {node: ^20.19.0 || >=22.12.0}
    cpu: [x64]
    os: [linux]
    libc: [glibc]

  '@oxfmt/binding-linux-x64-musl@0.48.0':
    resolution: {integrity: sha512-g2SKTTurP5mWjd8Ecait0erYqmltL4IqW1EwttM25BxM6NiTt4ubobJYMR1uox1V2QgG4UfHH10CGRvWlUixjw==}
    engines: {node: ^20.19.0 || >=22.12.0}
    cpu: [x64]
    os: [linux]
    libc: [musl]

  '@oxfmt/binding-openharmony-arm64@0.48.0':
    resolution: {integrity: sha512-CIg24VgheEpvolHL2gQuax5qcQ602bRMHrJ9g8XsQr3iVj9aSPgopigBKuMqrXsupwkrU+RQCn5cG8PgFntR6w==}
    engines: {node: ^20.19.0 || >=22.12.0}
    cpu: [arm64]
    os: [openharmony]

  '@oxfmt/binding-win32-arm64-msvc@0.48.0':
    resolution: {integrity: sha512-zeaWkcxcEULwkGF3I/HgEvcDPN8buYDrxibBUa/IFh5Vmwyge+KpLO+hEwSovW349H0O/C0Z2kaFmEzEDm00/Q==}
    engines: {node: ^20.19.0 || >=22.12.0}
    cpu: [arm64]
    os: [win32]

  '@oxfmt/binding-win32-ia32-msvc@0.48.0':
    resolution: {integrity: sha512-yiEKnIAGvx5CyZQOlMaNlZkAbwT7/Quk0j3WLt+PR5hK+qYjPTRRJYDfD77wCBPLvEYAG41v4KG3iL0H+uxoxg==}
    engines: {node: ^20.19.0 || >=22.12.0}
    cpu: [ia32]
    os: [win32]

  '@oxfmt/binding-win32-x64-msvc@0.48.0':
    resolution: {integrity: sha512-GSD2+7t2UoVMV2NgxXypa4bKewflPMAjYnF0Xw9/ht82ZfafAHhb8STwrEd7wlH2PFogt5zw3WVCxYJaHUdbeQ==}
    engines: {node: ^20.19.0 || >=22.12.0}
    cpu: [x64]
    os: [win32]

  '@oxlint-tsgolint/darwin-arm64@0.22.1':
    resolution: {integrity: sha512-4150Lpgc1YM09GcjA6GSrra1JoPjC7aOpfywLjWEY4vW0Sd1qKzqHF1WRaiw0/qUZ40OATYdv3aRd7ipPkWQbw==}
    cpu: [arm64]
    os: [darwin]

  '@oxlint-tsgolint/darwin-x64@0.22.1':
    resolution: {integrity: sha512-vFWcPWYOgZs4HWcgS1EjUZg33NLcNfEYU49KGImmCfZWkflENrmBYV4HN/C0YeAPum6ZZ/goPSvQrB/cOD+NfA==}
    cpu: [x64]
    os: [darwin]

  '@oxlint-tsgolint/linux-arm64@0.22.1':
    resolution: {integrity: sha512-6LiUpP0Zir3+29FvBm7Y28q/dBjSHqTZ5MhG1Ckw4fGhI4cAvbcwXaKvbjx1TP7rRmBNOoq/M5xdpHjTb+GAew==}
    cpu: [arm64]
    os: [linux]

  '@oxlint-tsgolint/linux-x64@0.22.1':
    resolution: {integrity: sha512-fuX1hEQfpHauUbXADsfqVhRzrUrGabzGXbj5wsp2vKhV5uk/Rze8Mba9GdjFGECzvXudMGqHqxB4r6jGRdhxVA==}
    cpu: [x64]
    os: [linux]

  '@oxlint-tsgolint/win32-arm64@0.22.1':
    resolution: {integrity: sha512-8SZidAj+jrbZf9ZjBEYW0tiNZ+KasqB2zgW26qdiPpQSF/DzURnPmXz651IeA9YsmbVdHGIooEHUmev6QJdquA==}
    cpu: [arm64]
    os: [win32]

  '@oxlint-tsgolint/win32-x64@0.22.1':
    resolution: {integrity: sha512-QweSk9H5lFh5Y+WUf2Kq/OAN88V6+62ZwGhP38gqdRotI90luXSMkruFTj7Q2rYrzH4ZVNaSqx7NY8JpSfIzqg==}
    cpu: [x64]
    os: [win32]

  '@oxlint/binding-android-arm-eabi@1.63.0':
    resolution: {integrity: sha512-A9xLtQt7i0OA1PoB/meog6kikXI9CdwEp7ZwQqmgnpKn3G3b1orvTDy8CQ6T7w1HvDrgWGB78PkFKcWgibcTCg==}
    engines: {node: ^20.19.0 || >=22.12.0}
    cpu: [arm]
    os: [android]

  '@oxlint/binding-android-arm64@1.63.0':
    resolution: {integrity: sha512-SQo+ZMvdR9l3CxZp5W5gFNxSiDxclY6lOzzNpKYLF8asESpm3Pwumx0gER5T7aHLF1/2BAAtLD3DiDkdgy4V1A==}
    engines: {node: ^20.19.0 || >=22.12.0}
    cpu: [arm64]
    os: [android]

  '@oxlint/binding-darwin-arm64@1.63.0':
    resolution: {integrity: sha512-6W82XjJDTmMnjg30427l0dufpnyLoq7wEukKdM6/g2VIybRVuQiBVh43EA4b+UxZ3+tLcKm+Or/pXGNgLCEU8g==}
    engines: {node: ^20.19.0 || >=22.12.0}
    cpu: [arm64]
    os: [darwin]

  '@oxlint/binding-darwin-x64@1.63.0':
    resolution: {integrity: sha512-CnWd/YCuVG5W1BYkjJEVbJG11o526O9qAwBEQM+nh8K19CRFUkFdROXCyYkGmroHEYQe4vgQ6+lh3550Lp35Xw==}
    engines: {node: ^20.19.0 || >=22.12.0}
    cpu: [x64]
    os: [darwin]

  '@oxlint/binding-freebsd-x64@1.63.0':
    resolution: {integrity: sha512-a4eZAqrmtajqcxfdAzC+l7g3PaE3V8hpAYqqeD3fTxLXOMFdK3eNTZrU80n4dDEVm0JXy1aL5PqvqWldBl6zYA==}
    engines: {node: ^20.19.0 || >=22.12.0}
    cpu: [x64]
    os: [freebsd]

  '@oxlint/binding-linux-arm-gnueabihf@1.63.0':
    resolution: {integrity: sha512-tYUtU9TdbU3uXF5D62g5zXJ13iniFGhXQx5vp9cyEjGdbSAY3VdFBSaldYvyoDmgMZ0ZYuwQP1Y4t2Fhejwa0w==}
    engines: {node: ^20.19.0 || >=22.12.0}
    cpu: [arm]
    os: [linux]

  '@oxlint/binding-linux-arm-musleabihf@1.63.0':
    resolution: {integrity: sha512-I5r3twFf776UZg9dmRo2xbrKt00tTkORXEVe0ctg4vdTkQvJAjiCHxnbAU2HL1AiJ9cqADA76MAliuilsAWnvg==}
    engines: {node: ^20.19.0 || >=22.12.0}
    cpu: [arm]
    os: [linux]

  '@oxlint/binding-linux-arm64-gnu@1.63.0':
    resolution: {integrity: sha512-t7ltUkg6FFh4b564QyGir8xIj/QZbXu8FlcRkcyW9+ztr/mfRHlvUOFd95pJCXi9s/L5DrUeWWgpXRS+V+6igQ==}
    engines: {node: ^20.19.0 || >=22.12.0}
    cpu: [arm64]
    os: [linux]
    libc: [glibc]

  '@oxlint/binding-linux-arm64-musl@1.63.0':
    resolution: {integrity: sha512-Q5mmZy/XWjuYFUuQyYjOvZ5U/JkKEwnpir6hGxhh6HcdP0V/BKxLo8dqkfF/t7r7AguB17dfS/8+go5AQDRR6g==}
    engines: {node: ^20.19.0 || >=22.12.0}
    cpu: [arm64]
    os: [linux]
    libc: [musl]

  '@oxlint/binding-linux-ppc64-gnu@1.63.0':
    resolution: {integrity: sha512-uBGtuZ0TzLB4x5wVa82HGNvYqY8buwDhyCnCP0R0gkk9szqVsP0MeTtD5HX7EsEuFIt+aYmYxuxeVxs3nTSwtQ==}
    engines: {node: ^20.19.0 || >=22.12.0}
    cpu: [ppc64]
    os: [linux]
    libc: [glibc]

  '@oxlint/binding-linux-riscv64-gnu@1.63.0':
    resolution: {integrity: sha512-h4s6FwxE+9MeA181o0dnDwHP32Y/bG8EiB/vrD6Ib+AMt6haigDc/0bUtI/sLmQDBMJnUfaCmtSSrEAqjtEVrA==}
    engines: {node: ^20.19.0 || >=22.12.0}
    cpu: [riscv64]
    os: [linux]
    libc: [glibc]

  '@oxlint/binding-linux-riscv64-musl@1.63.0':
    resolution: {integrity: sha512-2EaNcCBR8Mcjl5ARtuN3BdEpVkX7KpjSjMGZ/mJMIeaXgTtdz5ytg2VwygMSStA/k0ixfvZFoZOfjDEcouV5vQ==}
    engines: {node: ^20.19.0 || >=22.12.0}
    cpu: [riscv64]
    os: [linux]
    libc: [musl]

  '@oxlint/binding-linux-s390x-gnu@1.63.0':
    resolution: {integrity: sha512-p4hlf/fd7TrYYl3QrWWD0GocqJefwMu3cHQhmi2FvEB/YOvFb5DZN3SMBaPi7B1TM5DeypkEtrVib674q1KKPg==}
    engines: {node: ^20.19.0 || >=22.12.0}
    cpu: [s390x]
    os: [linux]
    libc: [glibc]

  '@oxlint/binding-linux-x64-gnu@1.63.0':
    resolution: {integrity: sha512-Vgq9rkRVcPcjbcH+ihYTfpeR7vCXfqpd+z5ItTGc0yYUV59L5ceHYN1iV4H9bKGV7Rn5hkVc7x3mSvHegduENA==}
    engines: {node: ^20.19.0 || >=22.12.0}
    cpu: [x64]
    os: [linux]
    libc: [glibc]

  '@oxlint/binding-linux-x64-musl@1.63.0':
    resolution: {integrity: sha512-3/Lkq/ncooA61rorrC+ZQed1Bc4VpGj+WnGsp58zmxKgvZ2vhreu+dcVyr3mX8NUpq7mfZ4gDDTou/yrF1Pd7A==}
    engines: {node: ^20.19.0 || >=22.12.0}
    cpu: [x64]
    os: [linux]
    libc: [musl]

  '@oxlint/binding-openharmony-arm64@1.63.0':
    resolution: {integrity: sha512-0/EdD/6hDkx5Mfd769PTjvEM8mZ/6Dfukp1dBCL/2PjlIVGEtYdNZyok6ChqYPsT9JcFnlQnUeQzO0/1L/oC9w==}
    engines: {node: ^20.19.0 || >=22.12.0}
    cpu: [arm64]
    os: [openharmony]

  '@oxlint/binding-win32-arm64-msvc@1.63.0':
    resolution: {integrity: sha512-wb0CUkN8ngwPiRQBjD1Cj0LsHeNvm+Xt6YBHDMtj2DVQVD6Oj8Ri7g6BD+KICf6LaBqZlmzOvy6nF9E/8yyGOg==}
    engines: {node: ^20.19.0 || >=22.12.0}
    cpu: [arm64]
    os: [win32]

  '@oxlint/binding-win32-ia32-msvc@1.63.0':
    resolution: {integrity: sha512-BX5iq+ovdNlVYhSn5qPMUIT0uwAwt2lmEnCnzK+Gkhw4DovIvhGb96OFhV8yzQNUnQxn/xGkOR+X+BLrLDNm8w==}
    engines: {node: ^20.19.0 || >=22.12.0}
    cpu: [ia32]
    os: [win32]

  '@oxlint/binding-win32-x64-msvc@1.63.0':
    resolution: {integrity: sha512-QeN/WELOfsXMeYwxvfgQrl6CbVftYUCZsGXHjXQd5Trccm8+i4gmtxaOui4xbJQaiDlviF8F3yLSBloQUeFsfA==}
    engines: {node: ^20.19.0 || >=22.12.0}
    cpu: [x64]
    os: [win32]

  '@qnighy/dedent@0.1.1':
    resolution: {integrity: sha512-1TogcOCQlxSL4fS2n3jUtwoTHIlXJN3cw3FmQKSdmVpbVr03gKeXTEskPxqqMT24xkid59bEGv4ZB6oUQqq2fw==}

  '@tsconfig/node24@24.0.4':
    resolution: {integrity: sha512-2A933l5P5oCbv6qSxHs7ckKwobs8BDAe9SJ/Xr2Hy+nDlwmLE1GhFh/g/vXGRZWgxBg9nX/5piDtHR9Dkw/XuA==}

  '@tsconfig/strictest@2.0.8':
    resolution: {integrity: sha512-XnQ7vNz5HRN0r88GYf1J9JJjqtZPiHt2woGJOo2dYqyHGGcd6OLGqSlBB6p1j9mpzja6Oe5BoPqWmeDx6X9rLw==}

  '@types/braces@3.0.5':
    resolution: {integrity: sha512-SQFof9H+LXeWNz8wDe7oN5zu7ket0qwMu5vZubW4GCJ8Kkeh6nBWUz87+KTz/G3Kqsrp0j/W253XJb3KMEeg3w==}

  '@types/lodash.kebabcase@4.1.9':
    resolution: {integrity: sha512-kPrrmcVOhSsjAVRovN0lRfrbuidfg0wYsrQa5IYuoQO1fpHHGSme66oyiYA/5eQPVl8Z95OA3HG0+d2SvYC85w==}

  '@types/lodash.merge@4.6.9':
    resolution: {integrity: sha512-23sHDPmzd59kUgWyKGiOMO2Qb9YtqRO/x4IhkgNUiPQ1+5MUVqi6bCZeq9nBJ17msjIMbEIO5u+XW4Kz6aGUhQ==}

  '@types/lodash.snakecase@4.1.9':
    resolution: {integrity: sha512-emBZJUiNlo+QPXr1junMKXwzHJK9zbFvTVdyAoorFcm1YRsbzkZCYPTVMM9AW+dlnA6utG7vpfvOs8alxv/TMw==}

  '@types/lodash@4.17.14':
    resolution: {integrity: sha512-jsxagdikDiDBeIRaPYtArcT8my4tN1og7MtMRquFT3XNA6axxyHDRUemqDz/taRDdOUn0GnGHRCuff4q48sW9A==}

  '@types/micromatch@4.0.10':
    resolution: {integrity: sha512-5jOhFDElqr4DKTrTEbnW8DZ4Hz5LRUEmyrGpCMrD/NphYv3nUnaF08xmSLx1rGGnyEs/kFnhiw6dCgcDqMr5PQ==}

  '@types/minimist@1.2.5':
    resolution: {integrity: sha512-hov8bUuiLiyFPGyFPE1lwWhmzYbirOXQNNo40+y3zow8aFVTeyn3VWL0VFFfdNddA8S4Vf0Tc062rzyNr7Paag==}

  '@types/node@25.6.2':
    resolution: {integrity: sha512-sokuT28dxf9JT5Kady1fsXOvI4HVpjZa95NKT5y9PNTIrs2AsobR4GFAA90ZG8M+nxVRLysCXsVj6eGC7Vbrlw==}

  '@types/picomatch@4.0.3':
    resolution: {integrity: sha512-iG0T6+nYJ9FAPmx9SsUlnwcq1ZVRuCXcVEvWnntoPlrOpwtSTKNDC9uVAxTsC3PUvJ+99n4RpAcNgBbHX3JSnQ==}

  '@types/yargs-parser@21.0.3':
    resolution: {integrity: sha512-I4q9QU9MQv4oEOz4tAHJtNz1cwuLxn2F3xcc2iV5WdqLPpUnj30aUuxt1mAxYTG+oe8CZMV/+6rU4S4gRDzqtQ==}

  balanced-match@4.0.4:
    resolution: {integrity: sha512-BLrgEcRTwX2o6gGxGOCNyMvGSp35YofuYzw9h1IMTRmKqttAZZVU67bdb9Pr2vUHA8+j3i2tJfjO6C6+4myGTA==}
    engines: {node: 18 || 20 || >=22}

  brace-expansion@5.0.5:
    resolution: {integrity: sha512-VZznLgtwhn+Mact9tfiwx64fA9erHH/MCXEUfB/0bX/6Fz6ny5EGTXYltMocqg4xFAQZtnO3DHWWXi8RiuN7cQ==}
    engines: {node: 18 || 20 || >=22}

  braces@3.0.3:
    resolution: {integrity: sha512-yQbXgO/OSZVD2IsiLlro+7Hf6Q18EJrKSEsdoMzKePKXct3gvD8oLcOQdIzGupr5Fj+EDe8gO/lxc1BzfMpxvA==}
    engines: {node: '>=8'}

  dedent@1.7.2:
    resolution: {integrity: sha512-WzMx3mW98SN+zn3hgemf4OzdmyNhhhKz5Ay0pUfQiMQ3e1g+xmTJWp/pKdwKVXhdSkAEGIIzqeuWrL3mV/AXbA==}
    peerDependencies:
      babel-plugin-macros: ^3.1.0
    peerDependenciesMeta:
      babel-plugin-macros:
        optional: true

  defu@6.1.7:
    resolution: {integrity: sha512-7z22QmUWiQ/2d0KkdYmANbRUVABpZ9SNYyH5vx6PZ+nE5bcC0l7uFvEfHlyld/HcGBFTL536ClDt3DEcSlEJAQ==}

  es-toolkit@1.46.1:
    resolution: {integrity: sha512-5eNtXOs3tbfxXOj04tjjseeWkRWaoCjdEI+96DgwzZoe6c9juL49pXlzAFTI72aWC9Y8p7168g6XIKjh7k6pyQ==}

  fill-range@7.1.1:
    resolution: {integrity: sha512-YsGpe3WHLK8ZYi4tWDg2Jy3ebRz2rXowDxnld4bkQB00cc/1Zw9AWnC0i9ztDJitivtQvaI9KaLyKrc+hBW0yg==}
    engines: {node: '>=8'}

  grammex@3.1.12:
    resolution: {integrity: sha512-6ufJOsSA7LcQehIJNCO7HIBykfM7DXQual0Ny780/DEcJIpBlHRvcqEBWGPYd7hrXL2GJ3oJI1MIhaXjWmLQOQ==}

  graphmatch@1.1.1:
    resolution: {integrity: sha512-5ykVn/EXM1hF0XCaWh05VbYvEiOL2lY1kBxZtaYsyvjp7cmWOU1XsAdfQBwClraEofXDT197lFbXOEVMHpvQOg==}

  gunshi@0.29.5:
    resolution: {integrity: sha512-enk4QxCVyAKWZDYg3ui4at1s+1cvOWluPLtWPgFzv2NDBJ/GVZYbQdFfgM7RFyQJZnoKH27t3bKKcRtUbdFA6Q==}
    engines: {node: '>= 20'}

  is-number@7.0.0:
    resolution: {integrity: sha512-41Cifkg6e8TylSpdtTpeLVMqvSBEVzTttHvERD741+pnZ8ANv0004MRL43QKPDlK9cGvNp6NZWZUBlbGXYxxng==}
    engines: {node: '>=0.12.0'}

  kasi@2.0.1:
    resolution: {integrity: sha512-8qhiHZ1BN26ig1+jQ9fWEk6dj8T1wuxs00QRJfXIANI4scto1EuPUgqj+mxHls52WBfdTNJGQ8yYw9rDpWUcgQ==}

  lodash.kebabcase@4.1.1:
    resolution: {integrity: sha512-N8XRTIMMqqDgSy4VLKPnJ/+hpGZN+PHQiJnSenYqPaVV/NCqEogTnAdZLQiGKhxX+JCs8waWq2t1XHWKOmlY8g==}

  lodash.merge@4.6.2:
    resolution: {integrity: sha512-0KpjqXRVvrYyCsX1swR/XTK0va6VQkQM6MNo7PqW77ByjAhoARA8EfrP1N4+KlKj8YS0ZUCtRT/YUuhyYDujIQ==}

  lodash.snakecase@4.1.1:
    resolution: {integrity: sha512-QZ1d4xoBHYUeuouhEq3lk3Uq7ldgyFXGBhg04+oRLnIz8o9T65Eh+8YdroUwn846zchkA9yDsDl5CVVaV2nqYw==}

  micromatch@4.0.8:
    resolution: {integrity: sha512-PXwfBhYu0hBCPw8Dn0E+WDYb7af3dSLVWKi3HGv84IdF4TyFoC0ysxFd0Goxw7nSv4T/PzEJQxsYsEiFCKo2BA==}
    engines: {node: '>=8.6'}

  minimatch@10.2.5:
    resolution: {integrity: sha512-MULkVLfKGYDFYejP07QOurDLLQpcjk7Fw+7jXS2R2czRQzR56yHRveU5NDJEOviH+hETZKSkIk5c+T23GjFUMg==}
    engines: {node: 18 || 20 || >=22}

  minimist@1.2.8:
    resolution: {integrity: sha512-2yyAR8qBkN3YuheJanUpWC5U3bb5osDywNB8RzDVlDwDHbocAJveqqj1u8+SVD7jkWT4yvsHCpWqqWqAxb0zCA==}

  mitata@1.0.34:
    resolution: {integrity: sha512-Mc3zrtNBKIMeHSCQ0XqRLo1vbdIx1wvFV9c8NJAiyho6AjNfMY8bVhbS12bwciUdd1t4rj8099CH3N3NFahaUA==}

  mri@1.2.0:
    resolution: {integrity: sha512-tzzskb3bG8LvYGFF/mDTpq3jpI6Q9wc3LEmBaghu+DdCssd1FakN7Bc0hVNmEyGq1bq3RgfkCb3cmQLpNPOroA==}
    engines: {node: '>=4'}

  nano-staged@1.0.2:
    resolution: {integrity: sha512-Fytar3zHLY99nlMfqPPbraxZodqQAHPpdPRyYaplL+lB9DCR6pUrafxbG+Btz4+7fO5Rm/+DO4ZeDO/nLSUMhw==}
    engines: {node: ^22 || >= 24}
    hasBin: true

  oxfmt@0.48.0:
    resolution: {integrity: sha512-AVaLh+7XeGx+R1zfFV+f6VV61nT2MWVJXVUDhbTm5LBWGyNt64xAyh3NYYyjeY2WykNt9AvqSQLPHcbWquYF9g==}
    engines: {node: ^20.19.0 || >=22.12.0}
    hasBin: true

  oxlint-tsgolint@0.22.1:
    resolution: {integrity: sha512-YUSGSLUnoolsu8gxISEDio3q1rtsCozwfOzASUn3DT2mR2EeQ93uEEnen7s+6LpF+lyTQFln1pQfqwBh/fsVEg==}
    hasBin: true

  oxlint@1.63.0:
    resolution: {integrity: sha512-9TGXetdjgIHOJ9OiReomP7nnrMkV9HxC1xM2ramJSLQpzxjsAJtQwa4wqkJN2f/uCrqZuJseFuSlWDdvcruveg==}
    engines: {node: ^20.19.0 || >=22.12.0}
    hasBin: true
    peerDependencies:
      oxlint-tsgolint: '>=0.22.1'
    peerDependenciesMeta:
      oxlint-tsgolint:
        optional: true

  picomatch@2.3.2:
    resolution: {integrity: sha512-V7+vQEJ06Z+c5tSye8S+nHUfI51xoXIXjHQ99cQtKUkQqqO1kO/KCJUfZXuB47h/YBlDhah2H3hdUGXn8ie0oA==}
    engines: {node: '>=8.6'}

  picomatch@4.0.4:
    resolution: {integrity: sha512-QP88BAKvMam/3NxH6vj2o21R6MjxZUAd6nlwAS/pnGvN9IVLocLHxGYIzFhg6fUQ+5th6P4dv4eW9jX3DSIj7A==}
    engines: {node: '>=12'}

  simple-git-hooks@2.13.1:
    resolution: {integrity: sha512-WszCLXwT4h2k1ufIXAgsbiTOazqqevFCIncOuUBZJ91DdvWcC5+OFkluWRQPrcuSYd8fjq+o2y1QfWqYMoAToQ==}
    hasBin: true

  tinypool@2.1.0:
    resolution: {integrity: sha512-Pugqs6M0m7Lv1I7FtxN4aoyToKg1C4tu+/381vH35y8oENM/Ai7f7C4StcoK4/+BSw9ebcS8jRiVrORFKCALLw==}
    engines: {node: ^20.0.0 || >=22.0.0}

  to-regex-range@5.0.1:
    resolution: {integrity: sha512-65P7iz6X5yEr1cwcgvQxbbIw7Uk3gOy5dIdtZ4rDveLqhrdJP+Li/Hx6tyK0NEb+2GCyneCMJiGqrADCSNk8sQ==}
    engines: {node: '>=8.0'}

  ts-dedent@2.2.0:
    resolution: {integrity: sha512-q5W7tVM71e2xjHZTlgfTDoPF/SmqKG5hddq9SzR49CH2hayqRKJtQ4mtRlSxKaJlR/+9rEM+mnBHf7I2/BQcpQ==}
    engines: {node: '>=6.10'}

  ultraflag@0.2.3:
    resolution: {integrity: sha512-RC8Q5Y72wbiDfF+LXEaFaF3j+hKt4bU6GJQSuTKJIisNXfviDV3G6UPiC8iKV+idSBshjXZGwoO/2kg7gQvnjQ==}

  undici-types@7.19.2:
    resolution: {integrity: sha512-qYVnV5OEm2AW8cJMCpdV20CDyaN3g0AjDlOGf1OW4iaDEx8MwdtChUp4zu4H0VP3nDRF/8RKWH+IPp9uW0YGZg==}

  yargs-parser@22.0.0:
    resolution: {integrity: sha512-rwu/ClNdSMpkSrUb+d6BRsSkLUq1fmfsY6TOpYzTwvwkg1/NRG85KBy3kq++A8LKQwX6lsu+aWad+2khvuXrqw==}
    engines: {node: ^20.19.0 || ^22.12.0 || >=23}

  zeptomatch@2.1.0:
    resolution: {integrity: sha512-KiGErG2J0G82LSpniV0CtIzjlJ10E04j02VOudJsPyPwNZgGnRKQy7I1R7GMyg/QswnE4l7ohSGrQbQbjXPPDA==}

snapshots:

  '@oxfmt/binding-android-arm-eabi@0.48.0':
    optional: true

  '@oxfmt/binding-android-arm64@0.48.0':
    optional: true

  '@oxfmt/binding-darwin-arm64@0.48.0':
    optional: true

  '@oxfmt/binding-darwin-x64@0.48.0':
    optional: true

  '@oxfmt/binding-freebsd-x64@0.48.0':
    optional: true

  '@oxfmt/binding-linux-arm-gnueabihf@0.48.0':
    optional: true

  '@oxfmt/binding-linux-arm-musleabihf@0.48.0':
    optional: true

  '@oxfmt/binding-linux-arm64-gnu@0.48.0':
    optional: true

  '@oxfmt/binding-linux-arm64-musl@0.48.0':
    optional: true

  '@oxfmt/binding-linux-ppc64-gnu@0.48.0':
    optional: true

  '@oxfmt/binding-linux-riscv64-gnu@0.48.0':
    optional: true

  '@oxfmt/binding-linux-riscv64-musl@0.48.0':
    optional: true

  '@oxfmt/binding-linux-s390x-gnu@0.48.0':
    optional: true

  '@oxfmt/binding-linux-x64-gnu@0.48.0':
    optional: true

  '@oxfmt/binding-linux-x64-musl@0.48.0':
    optional: true

  '@oxfmt/binding-openharmony-arm64@0.48.0':
    optional: true

  '@oxfmt/binding-win32-arm64-msvc@0.48.0':
    optional: true

  '@oxfmt/binding-win32-ia32-msvc@0.48.0':
    optional: true

  '@oxfmt/binding-win32-x64-msvc@0.48.0':
    optional: true

  '@oxlint-tsgolint/darwin-arm64@0.22.1':
    optional: true

  '@oxlint-tsgolint/darwin-x64@0.22.1':
    optional: true

  '@oxlint-tsgolint/linux-arm64@0.22.1':
    optional: true

  '@oxlint-tsgolint/linux-x64@0.22.1':
    optional: true

  '@oxlint-tsgolint/win32-arm64@0.22.1':
    optional: true

  '@oxlint-tsgolint/win32-x64@0.22.1':
    optional: true

  '@oxlint/binding-android-arm-eabi@1.63.0':
    optional: true

  '@oxlint/binding-android-arm64@1.63.0':
    optional: true

  '@oxlint/binding-darwin-arm64@1.63.0':
    optional: true

  '@oxlint/binding-darwin-x64@1.63.0':
    optional: true

  '@oxlint/binding-freebsd-x64@1.63.0':
    optional: true

  '@oxlint/binding-linux-arm-gnueabihf@1.63.0':
    optional: true

  '@oxlint/binding-linux-arm-musleabihf@1.63.0':
    optional: true

  '@oxlint/binding-linux-arm64-gnu@1.63.0':
    optional: true

  '@oxlint/binding-linux-arm64-musl@1.63.0':
    optional: true

  '@oxlint/binding-linux-ppc64-gnu@1.63.0':
    optional: true

  '@oxlint/binding-linux-riscv64-gnu@1.63.0':
    optional: true

  '@oxlint/binding-linux-riscv64-musl@1.63.0':
    optional: true

  '@oxlint/binding-linux-s390x-gnu@1.63.0':
    optional: true

  '@oxlint/binding-linux-x64-gnu@1.63.0':
    optional: true

  '@oxlint/binding-linux-x64-musl@1.63.0':
    optional: true

  '@oxlint/binding-openharmony-arm64@1.63.0':
    optional: true

  '@oxlint/binding-win32-arm64-msvc@1.63.0':
    optional: true

  '@oxlint/binding-win32-ia32-msvc@1.63.0':
    optional: true

  '@oxlint/binding-win32-x64-msvc@1.63.0':
    optional: true

  '@qnighy/dedent@0.1.1': {}

  '@tsconfig/node24@24.0.4': {}

  '@tsconfig/strictest@2.0.8': {}

  '@types/braces@3.0.5': {}

  '@types/lodash.kebabcase@4.1.9':
    dependencies:
      '@types/lodash': 4.17.14

  '@types/lodash.merge@4.6.9':
    dependencies:
      '@types/lodash': 4.17.14

  '@types/lodash.snakecase@4.1.9':
    dependencies:
      '@types/lodash': 4.17.14

  '@types/lodash@4.17.14': {}

  '@types/micromatch@4.0.10':
    dependencies:
      '@types/braces': 3.0.5

  '@types/minimist@1.2.5': {}

  '@types/node@25.6.2':
    dependencies:
      undici-types: 7.19.2

  '@types/picomatch@4.0.3': {}

  '@types/yargs-parser@21.0.3': {}

  balanced-match@4.0.4: {}

  brace-expansion@5.0.5:
    dependencies:
      balanced-match: 4.0.4

  braces@3.0.3:
    dependencies:
      fill-range: 7.1.1

  dedent@1.7.2: {}

  defu@6.1.7: {}

  es-toolkit@1.46.1: {}

  fill-range@7.1.1:
    dependencies:
      to-regex-range: 5.0.1

  grammex@3.1.12: {}

  graphmatch@1.1.1: {}

  gunshi@0.29.5: {}

  is-number@7.0.0: {}

  kasi@2.0.1: {}

  lodash.kebabcase@4.1.1: {}

  lodash.merge@4.6.2: {}

  lodash.snakecase@4.1.1: {}

  micromatch@4.0.8:
    dependencies:
      braces: 3.0.3
      picomatch: 2.3.2

  minimatch@10.2.5:
    dependencies:
      brace-expansion: 5.0.5

  minimist@1.2.8: {}

  mitata@1.0.34: {}

  mri@1.2.0: {}

  nano-staged@1.0.2: {}

  oxfmt@0.48.0:
    dependencies:
      tinypool: 2.1.0
    optionalDependencies:
      '@oxfmt/binding-android-arm-eabi': 0.48.0
      '@oxfmt/binding-android-arm64': 0.48.0
      '@oxfmt/binding-darwin-arm64': 0.48.0
      '@oxfmt/binding-darwin-x64': 0.48.0
      '@oxfmt/binding-freebsd-x64': 0.48.0
      '@oxfmt/binding-linux-arm-gnueabihf': 0.48.0
      '@oxfmt/binding-linux-arm-musleabihf': 0.48.0
      '@oxfmt/binding-linux-arm64-gnu': 0.48.0
      '@oxfmt/binding-linux-arm64-musl': 0.48.0
      '@oxfmt/binding-linux-ppc64-gnu': 0.48.0
      '@oxfmt/binding-linux-riscv64-gnu': 0.48.0
      '@oxfmt/binding-linux-riscv64-musl': 0.48.0
      '@oxfmt/binding-linux-s390x-gnu': 0.48.0
      '@oxfmt/binding-linux-x64-gnu': 0.48.0
      '@oxfmt/binding-linux-x64-musl': 0.48.0
      '@oxfmt/binding-openharmony-arm64': 0.48.0
      '@oxfmt/binding-win32-arm64-msvc': 0.48.0
      '@oxfmt/binding-win32-ia32-msvc': 0.48.0
      '@oxfmt/binding-win32-x64-msvc': 0.48.0

  oxlint-tsgolint@0.22.1:
    optionalDependencies:
      '@oxlint-tsgolint/darwin-arm64': 0.22.1
      '@oxlint-tsgolint/darwin-x64': 0.22.1
      '@oxlint-tsgolint/linux-arm64': 0.22.1
      '@oxlint-tsgolint/linux-x64': 0.22.1
      '@oxlint-tsgolint/win32-arm64': 0.22.1
      '@oxlint-tsgolint/win32-x64': 0.22.1

  oxlint@1.63.0(oxlint-tsgolint@0.22.1):
    optionalDependencies:
      '@oxlint/binding-android-arm-eabi': 1.63.0
      '@oxlint/binding-android-arm64': 1.63.0
      '@oxlint/binding-darwin-arm64': 1.63.0
      '@oxlint/binding-darwin-x64': 1.63.0
      '@oxlint/binding-freebsd-x64': 1.63.0
      '@oxlint/binding-linux-arm-gnueabihf': 1.63.0
      '@oxlint/binding-linux-arm-musleabihf': 1.63.0
      '@oxlint/binding-linux-arm64-gnu': 1.63.0
      '@oxlint/binding-linux-arm64-musl': 1.63.0
      '@oxlint/binding-linux-ppc64-gnu': 1.63.0
      '@oxlint/binding-linux-riscv64-gnu': 1.63.0
      '@oxlint/binding-linux-riscv64-musl': 1.63.0
      '@oxlint/binding-linux-s390x-gnu': 1.63.0
      '@oxlint/binding-linux-x64-gnu': 1.63.0
      '@oxlint/binding-linux-x64-musl': 1.63.0
      '@oxlint/binding-openharmony-arm64': 1.63.0
      '@oxlint/binding-win32-arm64-msvc': 1.63.0
      '@oxlint/binding-win32-ia32-msvc': 1.63.0
      '@oxlint/binding-win32-x64-msvc': 1.63.0
      oxlint-tsgolint: 0.22.1

  picomatch@2.3.2: {}

  picomatch@4.0.4: {}

  simple-git-hooks@2.13.1: {}

  tinypool@2.1.0: {}

  to-regex-range@5.0.1:
    dependencies:
      is-number: 7.0.0

  ts-dedent@2.2.0: {}

  ultraflag@0.2.3: {}

  undici-types@7.19.2: {}

  yargs-parser@22.0.0: {}

  zeptomatch@2.1.0:
    dependencies:
      grammex: 3.1.12
      graphmatch: 1.1.1
